{
  "lockfileVersion": 1,
  "workspaces": {
    "": {
      "name": "aitalks",
      "dependencies": {
        "vue": "^3.5.13",
        "vue-router": "^4.5.0",
      },
      "devDependencies": {
        "@vitejs/plugin-vue": "^5.2.1",
        "vite": "^6.1.0",
      },
    },
  },
  "packages": {
    "@babel/helper-string-parser": ["@babel/helper-string-parser@7.25.9", "", {}, "sha512-4A/SCr/2KLd5jrtOMFzaKjVtAei3+2r/NChoBNoZ3EyP/+GlhoaEGoWOZUmFmoITP7zOJyHIMm+DYRd8o3PvHA=="],

    "@babel/helper-validator-identifier": ["@babel/helper-validator-identifier@7.25.9", "", {}, "sha512-Ed61U6XJc3CVRfkERJWDz4dJwKe7iLmmJsbOGu9wSloNSFttHV0I8g6UAgb7qnK5ly5bGLPd4oXZlxCdANBOWQ=="],

    "@babel/parser": ["@babel/parser@7.26.7", "", { "dependencies": { "@babel/types": "^7.26.7" }, "bin": "./bin/babel-parser.js" }, "sha512-kEvgGGgEjRUutvdVvZhbn/BxVt+5VSpwXz1j3WYXQbXDo8KzFOPNG2GQbdAiNq8g6wn1yKk7C/qrke03a84V+w=="],

    "@babel/types": ["@babel/types@7.26.7", "", { "dependencies": { "@babel/helper-string-parser": "^7.25.9", "@babel/helper-validator-identifier": "^7.25.9" } }, "sha512-t8kDRGrKXyp6+tjUh7hw2RLyclsW4TRoRvRHtSyAX9Bb5ldlFh+90YAYY6awRXrlB4G5G2izNeGySpATlFzmOg=="],

    "@esbuild/aix-ppc64": ["@esbuild/aix-ppc64@0.24.2", "", { "os": "aix", "cpu": "ppc64" }, "sha512-thpVCb/rhxE/BnMLQ7GReQLLN8q9qbHmI55F4489/ByVg2aQaQ6kbcLb6FHkocZzQhxc4gx0sCk0tJkKBFzDhA=="],

    "@esbuild/android-arm": ["@esbuild/android-arm@0.24.2", "", { "os": "android", "cpu": "arm" }, "sha512-tmwl4hJkCfNHwFB3nBa8z1Uy3ypZpxqxfTQOcHX+xRByyYgunVbZ9MzUUfb0RxaHIMnbHagwAxuTL+tnNM+1/Q=="],

    "@esbuild/android-arm64": ["@esbuild/android-arm64@0.24.2", "", { "os": "android", "cpu": "arm64" }, "sha512-cNLgeqCqV8WxfcTIOeL4OAtSmL8JjcN6m09XIgro1Wi7cF4t/THaWEa7eL5CMoMBdjoHOTh/vwTO/o2TRXIyzg=="],

    "@esbuild/android-x64": ["@esbuild/android-x64@0.24.2", "", { "os": "android", "cpu": "x64" }, "sha512-B6Q0YQDqMx9D7rvIcsXfmJfvUYLoP722bgfBlO5cGvNVb5V/+Y7nhBE3mHV9OpxBf4eAS2S68KZztiPaWq4XYw=="],

    "@esbuild/darwin-arm64": ["@esbuild/darwin-arm64@0.24.2", "", { "os": "darwin", "cpu": "arm64" }, "sha512-kj3AnYWc+CekmZnS5IPu9D+HWtUI49hbnyqk0FLEJDbzCIQt7hg7ucF1SQAilhtYpIujfaHr6O0UHlzzSPdOeA=="],

    "@esbuild/darwin-x64": ["@esbuild/darwin-x64@0.24.2", "", { "os": "darwin", "cpu": "x64" }, "sha512-WeSrmwwHaPkNR5H3yYfowhZcbriGqooyu3zI/3GGpF8AyUdsrrP0X6KumITGA9WOyiJavnGZUwPGvxvwfWPHIA=="],

    "@esbuild/freebsd-arm64": ["@esbuild/freebsd-arm64@0.24.2", "", { "os": "freebsd", "cpu": "arm64" }, "sha512-UN8HXjtJ0k/Mj6a9+5u6+2eZ2ERD7Edt1Q9IZiB5UZAIdPnVKDoG7mdTVGhHJIeEml60JteamR3qhsr1r8gXvg=="],

    "@esbuild/freebsd-x64": ["@esbuild/freebsd-x64@0.24.2", "", { "os": "freebsd", "cpu": "x64" }, "sha512-TvW7wE/89PYW+IevEJXZ5sF6gJRDY/14hyIGFXdIucxCsbRmLUcjseQu1SyTko+2idmCw94TgyaEZi9HUSOe3Q=="],

    "@esbuild/linux-arm": ["@esbuild/linux-arm@0.24.2", "", { "os": "linux", "cpu": "arm" }, "sha512-n0WRM/gWIdU29J57hJyUdIsk0WarGd6To0s+Y+LwvlC55wt+GT/OgkwoXCXvIue1i1sSNWblHEig00GBWiJgfA=="],

    "@esbuild/linux-arm64": ["@esbuild/linux-arm64@0.24.2", "", { "os": "linux", "cpu": "arm64" }, "sha512-7HnAD6074BW43YvvUmE/35Id9/NB7BeX5EoNkK9obndmZBUk8xmJJeU7DwmUeN7tkysslb2eSl6CTrYz6oEMQg=="],

    "@esbuild/linux-ia32": ["@esbuild/linux-ia32@0.24.2", "", { "os": "linux", "cpu": "ia32" }, "sha512-sfv0tGPQhcZOgTKO3oBE9xpHuUqguHvSo4jl+wjnKwFpapx+vUDcawbwPNuBIAYdRAvIDBfZVvXprIj3HA+Ugw=="],

    "@esbuild/linux-loong64": ["@esbuild/linux-loong64@0.24.2", "", { "os": "linux", "cpu": "none" }, "sha512-CN9AZr8kEndGooS35ntToZLTQLHEjtVB5n7dl8ZcTZMonJ7CCfStrYhrzF97eAecqVbVJ7APOEe18RPI4KLhwQ=="],

    "@esbuild/linux-mips64el": ["@esbuild/linux-mips64el@0.24.2", "", { "os": "linux", "cpu": "none" }, "sha512-iMkk7qr/wl3exJATwkISxI7kTcmHKE+BlymIAbHO8xanq/TjHaaVThFF6ipWzPHryoFsesNQJPE/3wFJw4+huw=="],

    "@esbuild/linux-ppc64": ["@esbuild/linux-ppc64@0.24.2", "", { "os": "linux", "cpu": "ppc64" }, "sha512-shsVrgCZ57Vr2L8mm39kO5PPIb+843FStGt7sGGoqiiWYconSxwTiuswC1VJZLCjNiMLAMh34jg4VSEQb+iEbw=="],

    "@esbuild/linux-riscv64": ["@esbuild/linux-riscv64@0.24.2", "", { "os": "linux", "cpu": "none" }, "sha512-4eSFWnU9Hhd68fW16GD0TINewo1L6dRrB+oLNNbYyMUAeOD2yCK5KXGK1GH4qD/kT+bTEXjsyTCiJGHPZ3eM9Q=="],

    "@esbuild/linux-s390x": ["@esbuild/linux-s390x@0.24.2", "", { "os": "linux", "cpu": "s390x" }, "sha512-S0Bh0A53b0YHL2XEXC20bHLuGMOhFDO6GN4b3YjRLK//Ep3ql3erpNcPlEFed93hsQAjAQDNsvcK+hV90FubSw=="],

    "@esbuild/linux-x64": ["@esbuild/linux-x64@0.24.2", "", { "os": "linux", "cpu": "x64" }, "sha512-8Qi4nQcCTbLnK9WoMjdC9NiTG6/E38RNICU6sUNqK0QFxCYgoARqVqxdFmWkdonVsvGqWhmm7MO0jyTqLqwj0Q=="],

    "@esbuild/netbsd-arm64": ["@esbuild/netbsd-arm64@0.24.2", "", { "os": "none", "cpu": "arm64" }, "sha512-wuLK/VztRRpMt9zyHSazyCVdCXlpHkKm34WUyinD2lzK07FAHTq0KQvZZlXikNWkDGoT6x3TD51jKQ7gMVpopw=="],

    "@esbuild/netbsd-x64": ["@esbuild/netbsd-x64@0.24.2", "", { "os": "none", "cpu": "x64" }, "sha512-VefFaQUc4FMmJuAxmIHgUmfNiLXY438XrL4GDNV1Y1H/RW3qow68xTwjZKfj/+Plp9NANmzbH5R40Meudu8mmw=="],

    "@esbuild/openbsd-arm64": ["@esbuild/openbsd-arm64@0.24.2", "", { "os": "openbsd", "cpu": "arm64" }, "sha512-YQbi46SBct6iKnszhSvdluqDmxCJA+Pu280Av9WICNwQmMxV7nLRHZfjQzwbPs3jeWnuAhE9Jy0NrnJ12Oz+0A=="],

    "@esbuild/openbsd-x64": ["@esbuild/openbsd-x64@0.24.2", "", { "os": "openbsd", "cpu": "x64" }, "sha512-+iDS6zpNM6EnJyWv0bMGLWSWeXGN/HTaF/LXHXHwejGsVi+ooqDfMCCTerNFxEkM3wYVcExkeGXNqshc9iMaOA=="],

    "@esbuild/sunos-x64": ["@esbuild/sunos-x64@0.24.2", "", { "os": "sunos", "cpu": "x64" }, "sha512-hTdsW27jcktEvpwNHJU4ZwWFGkz2zRJUz8pvddmXPtXDzVKTTINmlmga3ZzwcuMpUvLw7JkLy9QLKyGpD2Yxig=="],

    "@esbuild/win32-arm64": ["@esbuild/win32-arm64@0.24.2", "", { "os": "win32", "cpu": "arm64" }, "sha512-LihEQ2BBKVFLOC9ZItT9iFprsE9tqjDjnbulhHoFxYQtQfai7qfluVODIYxt1PgdoyQkz23+01rzwNwYfutxUQ=="],

    "@esbuild/win32-ia32": ["@esbuild/win32-ia32@0.24.2", "", { "os": "win32", "cpu": "ia32" }, "sha512-q+iGUwfs8tncmFC9pcnD5IvRHAzmbwQ3GPS5/ceCyHdjXubwQWI12MKWSNSMYLJMq23/IUCvJMS76PDqXe1fxA=="],

    "@esbuild/win32-x64": ["@esbuild/win32-x64@0.24.2", "", { "os": "win32", "cpu": "x64" }, "sha512-7VTgWzgMGvup6aSqDPLiW5zHaxYJGTO4OokMjIlrCtf+VpEL+cXKtCvg723iguPYI5oaUNdS+/V7OU2gvXVWEg=="],

    "@jridgewell/sourcemap-codec": ["@jridgewell/sourcemap-codec@1.5.0", "", {}, "sha512-gv3ZRaISU3fjPAgNsriBRqGWQL6quFx04YMPW/zD8XMLsU32mhCCbfbO6KZFLjvYpCZ8zyDEgqsgf+PwPaM7GQ=="],

    "@rollup/rollup-android-arm-eabi": ["@rollup/rollup-android-arm-eabi@4.34.3", "", { "os": "android", "cpu": "arm" }, "sha512-8kq/NjMKkMTGKMPldWihncOl62kgnLYk7cW+/4NCUWfS70/wz4+gQ7rMxMMpZ3dIOP/xw7wKNzIuUnN/H2GfUg=="],

    "@rollup/rollup-android-arm64": ["@rollup/rollup-android-arm64@4.34.3", "", { "os": "android", "cpu": "arm64" }, "sha512-1PqMHiuRochQ6++SDI7SaRDWJKr/NgAlezBi5nOne6Da6IWJo3hK0TdECBDwd92IUDPG4j/bZmWuwOnomNT8wA=="],

    "@rollup/rollup-darwin-arm64": ["@rollup/rollup-darwin-arm64@4.34.3", "", { "os": "darwin", "cpu": "arm64" }, "sha512-fqbrykX4mGV3DlCDXhF4OaMGcchd2tmLYxVt3On5oOZWVDFfdEoYAV2alzNChl8OzNaeMAGqm1f7gk7eIw/uDg=="],

    "@rollup/rollup-darwin-x64": ["@rollup/rollup-darwin-x64@4.34.3", "", { "os": "darwin", "cpu": "x64" }, "sha512-8Wxrx/KRvMsTyLTbdrMXcVKfpW51cCNW8x7iQD72xSEbjvhCY3b+w83Bea3nQfysTMR7K28esc+ZFITThXm+1w=="],

    "@rollup/rollup-freebsd-arm64": ["@rollup/rollup-freebsd-arm64@4.34.3", "", { "os": "freebsd", "cpu": "arm64" }, "sha512-lpBmV2qSiELh+ATQPTjQczt5hvbTLsE0c43Rx4bGxN2VpnAZWy77we7OO62LyOSZNY7CzjMoceRPc+Lt4e9J6A=="],

    "@rollup/rollup-freebsd-x64": ["@rollup/rollup-freebsd-x64@4.34.3", "", { "os": "freebsd", "cpu": "x64" }, "sha512-sNPvBIXpgaYcI6mAeH13GZMXFrrw5mdZVI1M9YQPRG2LpjwL8DSxSIflZoh/B5NEuOi53kxsR/S2GKozK1vDXA=="],

    "@rollup/rollup-linux-arm-gnueabihf": ["@rollup/rollup-linux-arm-gnueabihf@4.34.3", "", { "os": "linux", "cpu": "arm" }, "sha512-MW6N3AoC61OfE1VgnN5O1OW0gt8VTbhx9s/ZEPLBM11wEdHjeilPzOxVmmsrx5YmejpGPvez8QwGGvMU+pGxpw=="],

    "@rollup/rollup-linux-arm-musleabihf": ["@rollup/rollup-linux-arm-musleabihf@4.34.3", "", { "os": "linux", "cpu": "arm" }, "sha512-2SQkhr5xvatYq0/+H6qyW0zvrQz9LM4lxGkpWURLoQX5+yP8MsERh4uWmxFohOvwCP6l/+wgiHZ1qVwLDc7Qmw=="],

    "@rollup/rollup-linux-arm64-gnu": ["@rollup/rollup-linux-arm64-gnu@4.34.3", "", { "os": "linux", "cpu": "arm64" }, "sha512-R3JLYt8YoRwKI5shJsovLpcR6pwIMui/MGG/MmxZ1DYI3iRSKI4qcYrvYgDf4Ss2oCR3RL3F3dYK7uAGQgMIuQ=="],

    "@rollup/rollup-linux-arm64-musl": ["@rollup/rollup-linux-arm64-musl@4.34.3", "", { "os": "linux", "cpu": "arm64" }, "sha512-4XQhG8v/t3S7Rxs7rmFUuM6j09hVrTArzONS3fUZ6oBRSN/ps9IPQjVhp62P0W3KhqJdQADo/MRlYRMdgxr/3w=="],

    "@rollup/rollup-linux-loongarch64-gnu": ["@rollup/rollup-linux-loongarch64-gnu@4.34.3", "", { "os": "linux", "cpu": "none" }, "sha512-QlW1jCUZ1LHUIYCAK2FciVw1ptHsxzApYVi05q7bz2A8oNE8QxQ85NhM4arLxkAlcnS42t4avJbSfzSQwbIaKg=="],

    "@rollup/rollup-linux-powerpc64le-gnu": ["@rollup/rollup-linux-powerpc64le-gnu@4.34.3", "", { "os": "linux", "cpu": "ppc64" }, "sha512-kMbLToizVeCcN69+nnm20Dh0hrRIAjgaaL+Wh0gWZcNt8e542d2FUGtsyuNsHVNNF3gqTJrpzUGIdwMGLEUM7g=="],

    "@rollup/rollup-linux-riscv64-gnu": ["@rollup/rollup-linux-riscv64-gnu@4.34.3", "", { "os": "linux", "cpu": "none" }, "sha512-YgD0DnZ3CHtvXRH8rzjVSxwI0kMTr0RQt3o1N92RwxGdx7YejzbBO0ELlSU48DP96u1gYYVWfUhDRyaGNqJqJg=="],

    "@rollup/rollup-linux-s390x-gnu": ["@rollup/rollup-linux-s390x-gnu@4.34.3", "", { "os": "linux", "cpu": "s390x" }, "sha512-dIOoOz8altjp6UjAi3U9EW99s8nta4gzi52FeI45GlPyrUH4QixUoBMH9VsVjt+9A2RiZBWyjYNHlJ/HmJOBCQ=="],

    "@rollup/rollup-linux-x64-gnu": ["@rollup/rollup-linux-x64-gnu@4.34.3", "", { "os": "linux", "cpu": "x64" }, "sha512-lOyG3aF4FTKrhpzXfMmBXgeKUUXdAWmP2zSNf8HTAXPqZay6QYT26l64hVizBjq+hJx3pl0DTEyvPi9sTA6VGA=="],

    "@rollup/rollup-linux-x64-musl": ["@rollup/rollup-linux-x64-musl@4.34.3", "", { "os": "linux", "cpu": "x64" }, "sha512-usztyYLu2i+mYzzOjqHZTaRXbUOqw3P6laNUh1zcqxbPH1P2Tz/QdJJCQSnGxCtsRQeuU2bCyraGMtMumC46rw=="],

    "@rollup/rollup-win32-arm64-msvc": ["@rollup/rollup-win32-arm64-msvc@4.34.3", "", { "os": "win32", "cpu": "arm64" }, "sha512-ojFOKaz/ZyalIrizdBq2vyc2f0kFbJahEznfZlxdB6pF9Do6++i1zS5Gy6QLf8D7/S57MHrmBLur6AeRYeQXSA=="],

    "@rollup/rollup-win32-ia32-msvc": ["@rollup/rollup-win32-ia32-msvc@4.34.3", "", { "os": "win32", "cpu": "ia32" }, "sha512-K/V97GMbNa+Da9mGcZqmSl+DlJmWfHXTuI9V8oB2evGsQUtszCl67+OxWjBKpeOnYwox9Jpmt/J6VhpeRCYqow=="],

    "@rollup/rollup-win32-x64-msvc": ["@rollup/rollup-win32-x64-msvc@4.34.3", "", { "os": "win32", "cpu": "x64" }, "sha512-CUypcYP31Q8O04myV6NKGzk9GVXslO5EJNfmARNSzLF2A+5rmZUlDJ4et6eoJaZgBT9wrC2p4JZH04Vkic8HdQ=="],

    "@types/estree": ["@types/estree@1.0.6", "", {}, "sha512-AYnb1nQyY49te+VRAVgmzfcgjYS91mY5P0TKUDCLEM+gNnA+3T6rWITXRLYCpahpqSQbN5cE+gHpnPyXjHWxcw=="],

    "@vitejs/plugin-vue": ["@vitejs/plugin-vue@5.2.1", "", { "peerDependencies": { "vite": "^5.0.0 || ^6.0.0", "vue": "^3.2.25" } }, "sha512-cxh314tzaWwOLqVes2gnnCtvBDcM1UMdn+iFR+UjAn411dPT3tOmqrJjbMd7koZpMAmBM/GqeV4n9ge7JSiJJQ=="],

    "@vue/compiler-core": ["@vue/compiler-core@3.5.13", "", { "dependencies": { "@babel/parser": "^7.25.3", "@vue/shared": "3.5.13", "entities": "^4.5.0", "estree-walker": "^2.0.2", "source-map-js": "^1.2.0" } }, "sha512-oOdAkwqUfW1WqpwSYJce06wvt6HljgY3fGeM9NcVA1HaYOij3mZG9Rkysn0OHuyUAGMbEbARIpsG+LPVlBJ5/Q=="],

    "@vue/compiler-dom": ["@vue/compiler-dom@3.5.13", "", { "dependencies": { "@vue/compiler-core": "3.5.13", "@vue/shared": "3.5.13" } }, "sha512-ZOJ46sMOKUjO3e94wPdCzQ6P1Lx/vhp2RSvfaab88Ajexs0AHeV0uasYhi99WPaogmBlRHNRuly8xV75cNTMDA=="],

    "@vue/compiler-sfc": ["@vue/compiler-sfc@3.5.13", "", { "dependencies": { "@babel/parser": "^7.25.3", "@vue/compiler-core": "3.5.13", "@vue/compiler-dom": "3.5.13", "@vue/compiler-ssr": "3.5.13", "@vue/shared": "3.5.13", "estree-walker": "^2.0.2", "magic-string": "^0.30.11", "postcss": "^8.4.48", "source-map-js": "^1.2.0" } }, "sha512-6VdaljMpD82w6c2749Zhf5T9u5uLBWKnVue6XWxprDobftnletJ8+oel7sexFfM3qIxNmVE7LSFGTpv6obNyaQ=="],

    "@vue/compiler-ssr": ["@vue/compiler-ssr@3.5.13", "", { "dependencies": { "@vue/compiler-dom": "3.5.13", "@vue/shared": "3.5.13" } }, "sha512-wMH6vrYHxQl/IybKJagqbquvxpWCuVYpoUJfCqFZwa/JY1GdATAQ+TgVtgrwwMZ0D07QhA99rs/EAAWfvG6KpA=="],

    "@vue/devtools-api": ["@vue/devtools-api@6.6.4", "", {}, "sha512-sGhTPMuXqZ1rVOk32RylztWkfXTRhuS7vgAKv0zjqk8gbsHkJ7xfFf+jbySxt7tWObEJwyKaHMikV/WGDiQm8g=="],

    "@vue/reactivity": ["@vue/reactivity@3.5.13", "", { "dependencies": { "@vue/shared": "3.5.13" } }, "sha512-NaCwtw8o48B9I6L1zl2p41OHo/2Z4wqYGGIK1Khu5T7yxrn+ATOixn/Udn2m+6kZKB/J7cuT9DbWWhRxqixACg=="],

    "@vue/runtime-core": ["@vue/runtime-core@3.5.13", "", { "dependencies": { "@vue/reactivity": "3.5.13", "@vue/shared": "3.5.13" } }, "sha512-Fj4YRQ3Az0WTZw1sFe+QDb0aXCerigEpw418pw1HBUKFtnQHWzwojaukAs2X/c9DQz4MQ4bsXTGlcpGxU/RCIw=="],

    "@vue/runtime-dom": ["@vue/runtime-dom@3.5.13", "", { "dependencies": { "@vue/reactivity": "3.5.13", "@vue/runtime-core": "3.5.13", "@vue/shared": "3.5.13", "csstype": "^3.1.3" } }, "sha512-dLaj94s93NYLqjLiyFzVs9X6dWhTdAlEAciC3Moq7gzAc13VJUdCnjjRurNM6uTLFATRHexHCTu/Xp3eW6yoog=="],

    "@vue/server-renderer": ["@vue/server-renderer@3.5.13", "", { "dependencies": { "@vue/compiler-ssr": "3.5.13", "@vue/shared": "3.5.13" }, "peerDependencies": { "vue": "3.5.13" } }, "sha512-wAi4IRJV/2SAW3htkTlB+dHeRmpTiVIK1OGLWV1yeStVSebSQQOwGwIq0D3ZIoBj2C2qpgz5+vX9iEBkTdk5YA=="],

    "@vue/shared": ["@vue/shared@3.5.13", "", {}, "sha512-/hnE/qP5ZoGpol0a5mDi45bOd7t3tjYJBjsgCsivow7D48cJeV5l05RD82lPqi7gRiphZM37rnhW1l6ZoCNNnQ=="],

    "csstype": ["csstype@3.1.3", "", {}, "sha512-M1uQkMl8rQK/szD0LNhtqxIPLpimGm8sOBwU7lLnCpSbTyY3yeU1Vc7l4KT5zT4s/yOxHH5O7tIuuLOCnLADRw=="],

    "entities": ["entities@4.5.0", "", {}, "sha512-V0hjH4dGPh9Ao5p0MoRY6BVqtwCjhz6vI5LT8AJ55H+4g9/4vbHx1I54fS0XuclLhDHArPQCiMjDxjaL8fPxhw=="],

    "esbuild": ["esbuild@0.24.2", "", { "optionalDependencies": { "@esbuild/aix-ppc64": "0.24.2", "@esbuild/android-arm": "0.24.2", "@esbuild/android-arm64": "0.24.2", "@esbuild/android-x64": "0.24.2", "@esbuild/darwin-arm64": "0.24.2", "@esbuild/darwin-x64": "0.24.2", "@esbuild/freebsd-arm64": "0.24.2", "@esbuild/freebsd-x64": "0.24.2", "@esbuild/linux-arm": "0.24.2", "@esbuild/linux-arm64": "0.24.2", "@esbuild/linux-ia32": "0.24.2", "@esbuild/linux-loong64": "0.24.2", "@esbuild/linux-mips64el": "0.24.2", "@esbuild/linux-ppc64": "0.24.2", "@esbuild/linux-riscv64": "0.24.2", "@esbuild/linux-s390x": "0.24.2", "@esbuild/linux-x64": "0.24.2", "@esbuild/netbsd-arm64": "0.24.2", "@esbuild/netbsd-x64": "0.24.2", "@esbuild/openbsd-arm64": "0.24.2", "@esbuild/openbsd-x64": "0.24.2", "@esbuild/sunos-x64": "0.24.2", "@esbuild/win32-arm64": "0.24.2", "@esbuild/win32-ia32": "0.24.2", "@esbuild/win32-x64": "0.24.2" }, "bin": { "esbuild": "bin/esbuild" } }, "sha512-+9egpBW8I3CD5XPe0n6BfT5fxLzxrlDzqydF3aviG+9ni1lDC/OvMHcxqEFV0+LANZG5R1bFMWfUrjVsdwxJvA=="],

    "estree-walker": ["estree-walker@2.0.2", "", {}, "sha512-Rfkk/Mp/DL7JVje3u18FxFujQlTNR2q6QfMSMB7AvCBx91NGj/ba3kCfza0f6dVDbw7YlRf/nDrn7pQrCCyQ/w=="],

    "fsevents": ["fsevents@2.3.3", "", { "os": "darwin" }, "sha512-5xoDfX+fL7faATnagmWPpbFtwh/R77WmMMqqHGS65C3vvB0YHrgF+B1YmZ3441tMj5n63k0212XNoJwzlhffQw=="],

    "magic-string": ["magic-string@0.30.17", "", { "dependencies": { "@jridgewell/sourcemap-codec": "^1.5.0" } }, "sha512-sNPKHvyjVf7gyjwS4xGTaW/mCnF8wnjtifKBEhxfZ7E/S8tQ0rssrwGNn6q8JH/ohItJfSQp9mBtQYuTlH5QnA=="],

    "nanoid": ["nanoid@3.3.8", "", { "bin": { "nanoid": "bin/nanoid.cjs" } }, "sha512-WNLf5Sd8oZxOm+TzppcYk8gVOgP+l58xNy58D0nbUnOxOWRWvlcCV4kUF7ltmI6PsrLl/BgKEyS4mqsGChFN0w=="],

    "picocolors": ["picocolors@1.1.1", "", {}, "sha512-xceH2snhtb5M9liqDsmEw56le376mTZkEX/jEb/RxNFyegNul7eNslCXP9FDj/Lcu0X8KEyMceP2ntpaHrDEVA=="],

    "postcss": ["postcss@8.5.1", "", { "dependencies": { "nanoid": "^3.3.8", "picocolors": "^1.1.1", "source-map-js": "^1.2.1" } }, "sha512-6oz2beyjc5VMn/KV1pPw8fliQkhBXrVn1Z3TVyqZxU8kZpzEKhBdmCFqI6ZbmGtamQvQGuU1sgPTk8ZrXDD7jQ=="],

    "rollup": ["rollup@4.34.3", "", { "dependencies": { "@types/estree": "1.0.6" }, "optionalDependencies": { "@rollup/rollup-android-arm-eabi": "4.34.3", "@rollup/rollup-android-arm64": "4.34.3", "@rollup/rollup-darwin-arm64": "4.34.3", "@rollup/rollup-darwin-x64": "4.34.3", "@rollup/rollup-freebsd-arm64": "4.34.3", "@rollup/rollup-freebsd-x64": "4.34.3", "@rollup/rollup-linux-arm-gnueabihf": "4.34.3", "@rollup/rollup-linux-arm-musleabihf": "4.34.3", "@rollup/rollup-linux-arm64-gnu": "4.34.3", "@rollup/rollup-linux-arm64-musl": "4.34.3", "@rollup/rollup-linux-loongarch64-gnu": "4.34.3", "@rollup/rollup-linux-powerpc64le-gnu": "4.34.3", "@rollup/rollup-linux-riscv64-gnu": "4.34.3", "@rollup/rollup-linux-s390x-gnu": "4.34.3", "@rollup/rollup-linux-x64-gnu": "4.34.3", "@rollup/rollup-linux-x64-musl": "4.34.3", "@rollup/rollup-win32-arm64-msvc": "4.34.3", "@rollup/rollup-win32-ia32-msvc": "4.34.3", "@rollup/rollup-win32-x64-msvc": "4.34.3", "fsevents": "~2.3.2" }, "bin": { "rollup": "dist/bin/rollup" } }, "sha512-ORCtU0UBJyiAIn9m0llUXJXAswG/68pZptCrqxHG7//Z2DDzAUeyyY5hqf4XrsGlUxscMr9GkQ2QI7KTLqeyPw=="],

    "source-map-js": ["source-map-js@1.2.1", "", {}, "sha512-UXWMKhLOwVKb728IUtQPXxfYU+usdybtUrK/8uGE8CQMvrhOpwvzDBwj0QhSL7MQc7vIsISBG8VQ8+IDQxpfQA=="],

    "vite": ["vite@6.1.0", "", { "dependencies": { "esbuild": "^0.24.2", "postcss": "^8.5.1", "rollup": "^4.30.1" }, "optionalDependencies": { "fsevents": "~2.3.3" }, "peerDependencies": { "@types/node": "^18.0.0 || ^20.0.0 || >=22.0.0", "jiti": ">=1.21.0", "less": "*", "lightningcss": "^1.21.0", "sass": "*", "sass-embedded": "*", "stylus": "*", "sugarss": "*", "terser": "^5.16.0", "tsx": "^4.8.1", "yaml": "^2.4.2" }, "optionalPeers": ["@types/node", "jiti", "less", "lightningcss", "sass", "sass-embedded", "stylus", "sugarss", "terser", "tsx", "yaml"], "bin": { "vite": "bin/vite.js" } }, "sha512-RjjMipCKVoR4hVfPY6GQTgveinjNuyLw+qruksLDvA5ktI1150VmcMBKmQaEWJhg/j6Uaf6dNCNA0AfdzUb/hQ=="],

    "vue": ["vue@3.5.13", "", { "dependencies": { "@vue/compiler-dom": "3.5.13", "@vue/compiler-sfc": "3.5.13", "@vue/runtime-dom": "3.5.13", "@vue/server-renderer": "3.5.13", "@vue/shared": "3.5.13" }, "peerDependencies": { "typescript": "*" }, "optionalPeers": ["typescript"] }, "sha512-wmeiSMxkZCSc+PM2w2VRsOYAZC8GdipNFRTsLSfodVqI9mbejKeXEGr8SckuLnrQPGe3oJN5c3K0vpoU9q/wCQ=="],

    "vue-router": ["vue-router@4.5.0", "", { "dependencies": { "@vue/devtools-api": "^6.6.4" }, "peerDependencies": { "vue": "^3.2.0" } }, "sha512-HDuk+PuH5monfNuY+ct49mNmkCRK4xJAV9Ts4z9UFc4rzdDnxQLyCMGGc8pKhZhHTVzfanpNwB/lwqevcBwI4w=="],
  }
}
